// !$*UTF8*$!
{
	archiveVersion = 1;
	classes = {
	};
	objectVersion = 50;
	objects = {

/* Begin PBXBuildFile section */
		FF2ED285249F718C003FFA71 /* AppDelegate.swift in Sources */ = {isa = PBXBuildFile; fileRef = FF2ED284249F718C003FFA71 /* AppDelegate.swift */; };
		FF2ED287249F718C003FFA71 /* SceneDelegate.swift in Sources */ = {isa = PBXBuildFile; fileRef = FF2ED286249F718C003FFA71 /* SceneDelegate.swift */; };
		FF2ED289249F718C003FFA71 /* ContentView.swift in Sources */ = {isa = PBXBuildFile; fileRef = FF2ED288249F718C003FFA71 /* ContentView.swift */; };
		FF2ED28B249F718D003FFA71 /* Assets.xcassets in Resources */ = {isa = PBXBuildFile; fileRef = FF2ED28A249F718D003FFA71 /* Assets.xcassets */; };
		FF2ED28E249F718D003FFA71 /* Preview Assets.xcassets in Resources */ = {isa = PBXBuildFile; fileRef = FF2ED28D249F718D003FFA71 /* Preview Assets.xcassets */; };
		FF2ED291249F718D003FFA71 /* LaunchScreen.storyboard in Resources */ = {isa = PBXBuildFile; fileRef = FF2ED28F249F718D003FFA71 /* LaunchScreen.storyboard */; };
/* End PBXBuildFile section */

/* Begin PBXFileReference section */
		FF2ED281249F718C003FFA71 /* user_api_mvvm.app */ = {isa = PBXFileReference; explicitFileType = wrapper.application; includeInIndex = 0; path = user_api_mvvm.app; sourceTree = BUILT_PRODUCTS_DIR; };
		FF2ED284249F718C003FFA71 /* AppDelegate.swift */ = {isa = PBXFileReference; lastKnownFileType = sourcecode.swift; path = AppDelegate.swift; sourceTree = "<group>"; };
		FF2ED286249F718C003FFA71 /* SceneDelegate.swift */ = {isa = PBXFileReference; lastKnownFileType = sourcecode.swift; path = SceneDelegate.swift; sourceTree = "<group>"; };
		FF2ED288249F718C003FFA71 /* ContentView.swift */ = {isa = PBXFileReference; lastKnownFileType = sourcecode.swift; path = ContentView.swift; sourceTree = "<group>"; };
		FF2ED28A249F718D003FFA71 /* Assets.xcassets */ = {isa = PBXFileReference; lastKnownFileType = folder.assetcatalog; path = Assets.xcassets; sourceTree = "<group>"; };
		FF2ED28D249F718D003FFA71 /* Preview Assets.xcassets */ = {isa = PBXFileReference; lastKnownFileType = folder.assetcatalog; path = "Preview Assets.xcassets"; sourceTree = "<group>"; };
		FF2ED290249F718D003FFA71 /* Base */ = {isa = PBXFileReference; lastKnownFileType = file.storyboard; name = Base; path = Base.lproj/LaunchScreen.storyboard; sourceTree = "<group>"; };
		FF2ED292249F718D003FFA71 /* Info.plist */ = {isa = PBXFileReference; lastKnownFileType = text.plist.xml; path = Info.plist; sourceTree = "<group>"; };
/* End PBXFileReference section */

/* Begin PBXFrameworksBuildPhase section */
		FF2ED27E249F718C003FFA71 /* Frameworks */ = {
			isa = PBXFrameworksBuildPhase;
			buildActionMask = 2147483647;
			files = (
			);
			runOnlyForDeploymentPostprocessing = 0;
		};
/* End PBXFrameworksBuildPhase section */

/* Begin PBXGroup section */
		FF2ED278249F718C003FFA71 = {
			isa = PBXGroup;
			children = (
				FF2ED283249F718C003FFA71 /* user_api_mvvm */,
				FF2ED282249F718C003FFA71 /* Products */,
			);
			sourceTree = "<group>";
		};
		FF2ED282249F718C003FFA71 /* Products */ = {
			isa = PBXGroup;
			children = (
				FF2ED281249F718C003FFA71 /* user_api_mvvm.app */,
			);
			name = Products;
			sourceTree = "<group>";
		};
		FF2ED283249F718C003FFA71 /* user_api_mvvm */ = {
			isa = PBXGroup;
			children = (
				FF2ED284249F718C003FFA71 /* AppDelegate.swift */,
				FF2ED286249F718C003FFA71 /* SceneDelegate.swift */,
				FF2ED288249F718C003FFA71 /* ContentView.swift */,
				FF2ED28A249F718D003FFA71 /* Assets.xcassets */,
				FF2ED28F249F718D003FFA71 /* LaunchScreen.storyboard */,
				FF2ED292249F718D003FFA71 /* Info.plist */,
				FF2ED28C249F718D003FFA71 /* Preview Content */,
			);
			path = user_api_mvvm;
			sourceTree = "<group>";
		};
		FF2ED28C249F718D003FFA71 /* Preview Content */ = {
			isa = PBXGroup;
			children = (
				FF2ED28D249F718D003FFA71 /* Preview Assets.xcassets */,
			);
			path = "Preview Content";
			sourceTree = "<group>";
		};
/* End PBXGroup section */

/* Begin PBXNativeTarget section */
		FF2ED280249F718C003FFA71 /* user_api_mvvm */ = {
			isa = PBXNativeTarget;
			buildConfigurationList = FF2ED295249F718D003FFA71 /* Build configuration list for PBXNativeTarget "user_api_mvvm" */;
			buildPhases = (
				FF2ED27D249F718C003FFA71 /* Sources */,
				FF2ED27E249F718C003FFA71 /* Frameworks */,
				FF2ED27F249F718C003FFA71 /* Resources */,
			);
			buildRules = (
			);
			dependencies = (
			);
			name = user_api_mvvm;
			productName = user_api_mvvm;
			productReference = FF2ED281249F718C003FFA71 /* user_api_mvvm.app */;
			productType = "com.apple.product-type.application";
		};
/* End PBXNativeTarget section */

/* Begin PBXProject section */
		FF2ED279249F718C003FFA71 /* Project object */ = {
			isa = PBXProject;
			attributes = {
				LastSwiftUpdateCheck = 1150;
				LastUpgradeCheck = 1150;
				ORGANIZATIONNAME = tientran;
				TargetAttributes = {
					FF2ED280249F718C003FFA71 = {
						CreatedOnToolsVersion = 11.5;
					};
				};
			};
			buildConfigurationList = FF2ED27C249F718C003FFA71 /* Build configuration list for PBXProject "user_api_mvvm" */;
			compatibilityVersion = "Xcode 9.3";
			developmentRegion = en;
			hasScannedForEncodings = 0;
			knownRegions = (
				en,
				Base,
			);
			mainGroup = FF2ED278249F718C003FFA71;
			productRefGroup = FF2ED282249F718C003FFA71 /* Products */;
			projectDirPath = "";
			projectRoot = "";
			targets = (
				FF2ED280249F718C003FFA71 /* user_api_mvvm */,
			);
		};
/* End PBXProject section */

/* Begin PBXResourcesBuildPhase section */
		FF2ED27F249F718C003FFA71 /* Resources */ = {
			isa = PBXResourcesBuildPhase;
			buildActionMask = 2147483647;
			files = (
				FF2ED291249F718D003FFA71 /* LaunchScreen.storyboard in Resources */,
				FF2ED28E249F718D003FFA71 /* Preview Assets.xcassets in Resources */,
				FF2ED28B249F718D003FFA71 /* Assets.xcassets in Resources */,
			);
			runOnlyForDeploymentPostprocessing = 0;
		};
/* End PBXResourcesBuildPhase section */

/* Begin PBXSourcesBuildPhase section */
		FF2ED27D249F718C003FFA71 /* Sources */ = {
			isa = PBXSourcesBuildPhase;
			buildActionMask = 2147483647;
			files = (
				FF2ED285249F718C003FFA71 /* AppDelegate.swift in Sources */,
				FF2ED287249F718C003FFA71 /* SceneDelegate.swift in Sources */,
				FF2ED289249F718C003FFA71 /* ContentView.swift in Sources */,
			);
			runOnlyForDeploymentPostprocessing = 0;
		};
/* End PBXSourcesBuildPhase section */

/* Begin PBXVariantGroup section */
		FF2ED28F249F718D003FFA71 /* LaunchScreen.storyboard */ = {
			isa = PBXVariantGroup;
			children = (
				FF2ED290249F718D003FFA71 /* Base */,
			);
			name = LaunchScreen.storyboard;
			sourceTree = "<group>";
		};
/* End PBXVariantGroup section */

/* Begin XCBuildConfiguration section */
		FF2ED293249F718D003FFA71 /* Debug */ = {
			isa = XCBuildConfiguration;
			buildSettings = {
				ALWAYS_SEARCH_USER_PATHS = NO;
				CLANG_ANALYZER_NONNULL = YES;
				CLANG_ANALYZER_NUMBER_OBJECT_CONVERSION = YES_AGGRESSIVE;
				CLANG_CXX_LANGUAGE_STANDARD = "gnu++14";
				CLANG_CXX_LIBRARY = "libc++";
				CLANG_ENABLE_MODULES = YES;
				CLANG_ENABLE_OBJC_ARC = YES;
				CLANG_ENABLE_OBJC_WEAK = YES;
				CLANG_WARN_BLOCK_CAPTURE_AUTORELEASING = YES;
				CLANG_WARN_BOOL_CONVERSION = YES;
				CLANG_WARN_COMMA = YES;
				CLANG_WARN_CONSTANT_CONVERSION = YES;
				CLANG_WARN_DEPRECATED_OBJC_IMPLEMENTATIONS = YES;
				CLANG_WARN_DIRECT_OBJC_ISA_USAGE = YES_ERROR;
				CLANG_WARN_DOCUMENTATION_COMMENTS = YES;
				CLANG_WARN_EMPTY_BODY = YES;
				CLANG_WARN_ENUM_CONVERSION = YES;
				CLANG_WARN_INFINITE_RECURSION = YES;
				CLANG_WARN_INT_CONVERSION = YES;
				CLANG_WARN_NON_LITERAL_NULL_CONVERSION = YES;
				CLANG_WARN_OBJC_IMPLICIT_RETAIN_SELF = YES;
				CLANG_WARN_OBJC_LITERAL_CONVERSION = YES;
				CLANG_WARN_OBJC_ROOT_CLASS = YES_ERROR;
				CLANG_WARN_RANGE_LOOP_ANALYSIS = YES;
				CLANG_WARN_STRICT_PROTOTYPES = YES;
				CLANG_WARN_SUSPICIOUS_MOVE = YES;
				CLANG_WARN_UNGUARDED_AVAILABILITY = YES_AGGRESSIVE;
				CLANG_WARN_UNREACHABLE_CODE = YES;
				CLANG_WARN__DUPLICATE_METHOD_MATCH = YES;
				COPY_PHASE_STRIP = NO;
				DEBUG_INFORMATION_FORMAT = dwarf;
				ENABLE_STRICT_OBJC_MSGSEND = YES;
				ENABLE_TESTABILITY = YES;
				GCC_C_LANGUAGE_STANDARD = gnu11;
				GCC_DYNAMIC_NO_PIC = NO;
				GCC_NO_COMMON_BLOCKS = YES;
				GCC_OPTIMIZATION_LEVEL = 0;
				GCC_PREPROCESSOR_DEFINITIONS = (
					"DEBUG=1",
					"$(inherited)",
				);
				GCC_WARN_64_TO_32_BIT_CONVERSION = YES;
				GCC_WARN_ABOUT_RETURN_TYPE = YES_ERROR;
				GCC_WARN_UNDECLARED_SELECTOR = YES;
				GCC_WARN_UNINITIALIZED_AUTOS = YES_AGGRESSIVE;
				GCC_WARN_UNUSED_FUNCTION = YES;
				GCC_WARN_UNUSED_VARIABLE = YES;
				IPHONEOS_DEPLOYMENT_TARGET = 13.5;
				MTL_ENABLE_DEBUG_INFO = INCLUDE_SOURCE;
				MTL_FAST_MATH = YES;
				ONLY_ACTIVE_ARCH = YES;
				SDKROOT = iphoneos;
				SWIFT_ACTIVE_COMPILATION_CONDITIONS = DEBUG;
				SWIFT_OPTIMIZATION_LEVEL = "-Onone";
			};
			name = Debug;
		};
		FF2ED294249F718D003FFA71 /* Release */ = {
			isa = XCBuildConfiguration;
			buildSettings = {
				ALWAYS_SEARCH_USER_PATHS = NO;
				CLANG_ANALYZER_NONNULL = YES;
				CLANG_ANALYZER_NUMBER_OBJECT_CONVERSION = YES_AGGRESSIVE;
				CLANG_CXX_LANGUAGE_STANDARD = "gnu++14";
				CLANG_CXX_LIBRARY = "libc++";
				CLANG_ENABLE_MODULES = YES;
				CLANG_ENABLE_OBJC_ARC = YES;
				CLANG_ENABLE_OBJC_WEAK = YES;
				CLANG_WARN_BLOCK_CAPTURE_AUTORELEASING = YES;
				CLANG_WARN_BOOL_CONVERSION = YES;
				CLANG_WARN_COMMA = YES;
				CLANG_WARN_CONSTANT_CONVERSION = YES;
				CLANG_WARN_DEPRECATED_OBJC_IMPLEMENTATIONS = YES;
				CLANG_WARN_DIRECT_OBJC_ISA_USAGE = YES_ERROR;
				CLANG_WARN_DOCUMENTATION_COMMENTS = YES;
				CLANG_WARN_EMPTY_BODY = YES;
				CLANG_WARN_ENUM_CONVERSION = YES;
				CLANG_WARN_INFINITE_RECURSION = YES;
				CLANG_WARN_INT_CONVERSION = YES;
				CLANG_WARN_NON_LITERAL_NULL_CONVERSION = YES;
				CLANG_WARN_OBJC_IMPLICIT_RETAIN_SELF = YES;
				CLANG_WARN_OBJC_LITERAL_CONVERSION = YES;
				CLANG_WARN_OBJC_ROOT_CLASS = YES_ERROR;
				CLANG_WARN_RANGE_LOOP_ANALYSIS = YES;
				CLANG_WARN_STRICT_PROTOTYPES = YES;
				CLANG_WARN_SUSPICIOUS_MOVE = YES;
				CLANG_WARN_UNGUARDED_AVAILABILITY = YES_AGGRESSIVE;
				CLANG_WARN_UNREACHABLE_CODE = YES;
				CLANG_WARN__DUPLICATE_METHOD_MATCH = YES;
				COPY_PHASE_STRIP = NO;
				DEBUG_INFORMATION_FORMAT = "dwarf-with-dsym";
				ENABLE_NS_ASSERTIONS = NO;
				ENABLE_STRICT_OBJC_MSGSEND = YES;
				GCC_C_LANGUAGE_STANDARD = gnu11;
				GCC_NO_COMMON_BLOCKS = YES;
				GCC_WARN_64_TO_32_BIT_CONVERSION = YES;
				GCC_WARN_ABOUT_RETURN_TYPE = YES_ERROR;
				GCC_WARN_UNDECLARED_SELECTOR = YES;
				GCC_WARN_UNINITIALIZED_AUTOS = YES_AGGRESSIVE;
				GCC_WARN_UNUSED_FUNCTION = YES;
				GCC_WARN_UNUSED_VARIABLE = YES;
				IPHONEOS_DEPLOYMENT_TARGET = 13.5;
				MTL_ENABLE_DEBUG_INFO = NO;
				MTL_FAST_MATH = YES;
				SDKROOT = iphoneos;
				SWIFT_COMPILATION_MODE = wholemodule;
				SWIFT_OPTIMIZATION_LEVEL = "-O";
				VALIDATE_PRODUCT = YES;
			};
			name = Release;
		};
		FF2ED296249F718D003FFA71 /* Debug */ = {
			isa = XCBuildConfiguration;
			buildSettings = {
				ASSETCATALOG_COMPILER_APPICON_NAME = AppIcon;
				CODE_SIGN_STYLE = Automatic;
				DEVELOPMENT_ASSET_PATHS = "\"user_api_mvvm/Preview Content\"";
				ENABLE_PREVIEWS = YES;
				INFOPLIST_FILE = user_api_mvvm/Info.plist;
				LD_RUNPATH_SEARCH_PATHS = (
					"$(inherited)",
					"@executable_path/Frameworks",
				);
				PRODUCT_BUNDLE_IDENTIFIER = "tientranzt.user-api-mvvm";
				PRODUCT_NAME = "$(TARGET_NAME)";
				SWIFT_VERSION = 5.0;
				TARGETED_DEVICE_FAMILY = "1,2";
			};
			name = Debug;
		};
		FF2ED297249F718D003FFA71 /* Release */ = {
			isa = XCBuildConfiguration;
			buildSettings = {
				ASSETCATALOG_COMPILER_APPICON_NAME = AppIcon;
				CODE_SIGN_STYLE = Automatic;
				DEVELOPMENT_ASSET_PATHS = "\"user_api_mvvm/Preview Content\"";
				ENABLE_PREVIEWS = YES;
				INFOPLIST_FILE = user_api_mvvm/Info.plist;
				LD_RUNPATH_SEARCH_PATHS = (
					"$(inherited)",
					"@executable_path/Frameworks",
				);
				PRODUCT_BUNDLE_IDENTIFIER = "tientranzt.user-api-mvvm";
				PRODUCT_NAME = "$(TARGET_NAME)";
				SWIFT_VERSION = 5.0;
				TARGETED_DEVICE_FAMILY = "1,2";
			};
			name = Release;
		};
/* End XCBuildConfiguration section */

/* Begin XCConfigurationList section */
		FF2ED27C249F718C003FFA71 /* Build configuration list for PBXProject "user_api_mvvm" */ = {
			isa = XCConfigurationList;
			buildConfigurations = (
				FF2ED293249F718D003FFA71 /* Debug */,
				FF2ED294249F718D003FFA71 /* Release */,
			);
			defaultConfigurationIsVisible = 0;
			defaultConfigurationName = Release;
		};
		FF2ED295249F718D003FFA71 /* Build configuration list for PBXNativeTarget "user_api_mvvm" */ = {
			isa = XCConfigurationList;
			buildConfigurations = (
				FF2ED296249F718D003FFA71 /* Debug */,
				FF2ED297249F718D003FFA71 /* Release */,
			);
			defaultConfigurationIsVisible = 0;
			defaultConfigurationName = Release;
		};
/* End XCConfigurationList section */
	};
	rootObject = FF2ED279249F718C003FFA71 /* Project object */;
}
